// !$*UTF8*$!
{
	archiveVersion = 1;
	classes = {
	};
	objectVersion = 46;
	objects = {

/* Begin PBXBuildFile section */
		D376A3181B1CF3A500F5C165 /* main.m in Sources */ = {isa = PBXBuildFile; fileRef = D376A3171B1CF3A500F5C165 /* main.m */; };
		D376A31B1B1CF3A500F5C165 /* AppDelegate.m in Sources */ = {isa = PBXBuildFile; fileRef = D376A31A1B1CF3A500F5C165 /* AppDelegate.m */; };
		D376A31E1B1CF3A500F5C165 /* ViewController.m in Sources */ = {isa = PBXBuildFile; fileRef = D376A31D1B1CF3A500F5C165 /* ViewController.m */; };
		D376A3211B1CF3A500F5C165 /* Main.storyboard in Resources */ = {isa = PBXBuildFile; fileRef = D376A31F1B1CF3A500F5C165 /* Main.storyboard */; };
		D376A3231B1CF3A500F5C165 /* Images.xcassets in Resources */ = {isa = PBXBuildFile; fileRef = D376A3221B1CF3A500F5C165 /* Images.xcassets */; };
		D376A3261B1CF3A500F5C165 /* LaunchScreen.xib in Resources */ = {isa = PBXBuildFile; fileRef = D376A3241B1CF3A500F5C165 /* LaunchScreen.xib */; };
		D376A34A1B1D067D00F5C165 /* ADMMoney.m in Sources */ = {isa = PBXBuildFile; fileRef = D376A3491B1D067D00F5C165 /* ADMMoney.m */; };
		D376A34D1B1D08DD00F5C165 /* NSObject+GNUStep.m in Sources */ = {isa = PBXBuildFile; fileRef = D376A34C1B1D08DD00F5C165 /* NSObject+GNUStep.m */; };
		D376A3501B1D0B1500F5C165 /* ADMMoneyTest.m in Sources */ = {isa = PBXBuildFile; fileRef = D376A34F1B1D0B1500F5C165 /* ADMMoneyTest.m */; };
		D376A3511B1D0B2600F5C165 /* ADMMoney.m in Sources */ = {isa = PBXBuildFile; fileRef = D376A3491B1D067D00F5C165 /* ADMMoney.m */; };
		D39E1E241B1E758000FC48F0 /* ADMBrokerTest.m in Sources */ = {isa = PBXBuildFile; fileRef = D39E1E231B1E758000FC48F0 /* ADMBrokerTest.m */; };
		D39E1E271B1E767F00FC48F0 /* ADMBroker.m in Sources */ = {isa = PBXBuildFile; fileRef = D39E1E261B1E767F00FC48F0 /* ADMBroker.m */; };
/* End PBXBuildFile section */

/* Begin PBXContainerItemProxy section */
		D376A32C1B1CF3A500F5C165 /* PBXContainerItemProxy */ = {
			isa = PBXContainerItemProxy;
			containerPortal = D376A30A1B1CF3A500F5C165 /* Project object */;
			proxyType = 1;
			remoteGlobalIDString = D376A3111B1CF3A500F5C165;
			remoteInfo = Wallet;
		};
/* End PBXContainerItemProxy section */

/* Begin PBXFileReference section */
		D376A3121B1CF3A500F5C165 /* Wallet.app */ = {isa = PBXFileReference; explicitFileType = wrapper.application; includeInIndex = 0; path = Wallet.app; sourceTree = BUILT_PRODUCTS_DIR; };
		D376A3161B1CF3A500F5C165 /* Info.plist */ = {isa = PBXFileReference; lastKnownFileType = text.plist.xml; path = Info.plist; sourceTree = "<group>"; };
		D376A3171B1CF3A500F5C165 /* main.m */ = {isa = PBXFileReference; lastKnownFileType = sourcecode.c.objc; path = main.m; sourceTree = "<group>"; };
		D376A3191B1CF3A500F5C165 /* AppDelegate.h */ = {isa = PBXFileReference; lastKnownFileType = sourcecode.c.h; path = AppDelegate.h; sourceTree = "<group>"; };
		D376A31A1B1CF3A500F5C165 /* AppDelegate.m */ = {isa = PBXFileReference; lastKnownFileType = sourcecode.c.objc; path = AppDelegate.m; sourceTree = "<group>"; };
		D376A31C1B1CF3A500F5C165 /* ViewController.h */ = {isa = PBXFileReference; lastKnownFileType = sourcecode.c.h; path = ViewController.h; sourceTree = "<group>"; };
		D376A31D1B1CF3A500F5C165 /* ViewController.m */ = {isa = PBXFileReference; lastKnownFileType = sourcecode.c.objc; path = ViewController.m; sourceTree = "<group>"; };
		D376A3201B1CF3A500F5C165 /* Base */ = {isa = PBXFileReference; lastKnownFileType = file.storyboard; name = Base; path = Base.lproj/Main.storyboard; sourceTree = "<group>"; };
		D376A3221B1CF3A500F5C165 /* Images.xcassets */ = {isa = PBXFileReference; lastKnownFileType = folder.assetcatalog; path = Images.xcassets; sourceTree = "<group>"; };
		D376A3251B1CF3A500F5C165 /* Base */ = {isa = PBXFileReference; lastKnownFileType = file.xib; name = Base; path = Base.lproj/LaunchScreen.xib; sourceTree = "<group>"; };
		D376A32B1B1CF3A500F5C165 /* WalletTests.xctest */ = {isa = PBXFileReference; explicitFileType = wrapper.cfbundle; includeInIndex = 0; path = WalletTests.xctest; sourceTree = BUILT_PRODUCTS_DIR; };
		D376A3301B1CF3A500F5C165 /* Info.plist */ = {isa = PBXFileReference; lastKnownFileType = text.plist.xml; path = Info.plist; sourceTree = "<group>"; };
		D376A3481B1D067D00F5C165 /* ADMMoney.h */ = {isa = PBXFileReference; fileEncoding = 4; lastKnownFileType = sourcecode.c.h; path = ADMMoney.h; sourceTree = "<group>"; };
		D376A3491B1D067D00F5C165 /* ADMMoney.m */ = {isa = PBXFileReference; fileEncoding = 4; lastKnownFileType = sourcecode.c.objc; path = ADMMoney.m; sourceTree = "<group>"; };
		D376A34B1B1D08DD00F5C165 /* NSObject+GNUStep.h */ = {isa = PBXFileReference; fileEncoding = 4; lastKnownFileType = sourcecode.c.h; path = "NSObject+GNUStep.h"; sourceTree = "<group>"; };
		D376A34C1B1D08DD00F5C165 /* NSObject+GNUStep.m */ = {isa = PBXFileReference; fileEncoding = 4; lastKnownFileType = sourcecode.c.objc; path = "NSObject+GNUStep.m"; sourceTree = "<group>"; };
		D376A34F1B1D0B1500F5C165 /* ADMMoneyTest.m */ = {isa = PBXFileReference; fileEncoding = 4; lastKnownFileType = sourcecode.c.objc; path = ADMMoneyTest.m; sourceTree = "<group>"; };
		D39E1E231B1E758000FC48F0 /* ADMBrokerTest.m */ = {isa = PBXFileReference; fileEncoding = 4; lastKnownFileType = sourcecode.c.objc; path = ADMBrokerTest.m; sourceTree = "<group>"; };
		D39E1E251B1E767E00FC48F0 /* ADMBroker.h */ = {isa = PBXFileReference; fileEncoding = 4; lastKnownFileType = sourcecode.c.h; path = ADMBroker.h; sourceTree = "<group>"; };
		D39E1E261B1E767F00FC48F0 /* ADMBroker.m */ = {isa = PBXFileReference; fileEncoding = 4; lastKnownFileType = sourcecode.c.objc; path = ADMBroker.m; sourceTree = "<group>"; };
/* End PBXFileReference section */

/* Begin PBXFrameworksBuildPhase section */
		D376A30F1B1CF3A500F5C165 /* Frameworks */ = {
			isa = PBXFrameworksBuildPhase;
			buildActionMask = 2147483647;
			files = (
			);
			runOnlyForDeploymentPostprocessing = 0;
		};
		D376A3281B1CF3A500F5C165 /* Frameworks */ = {
			isa = PBXFrameworksBuildPhase;
			buildActionMask = 2147483647;
			files = (
			);
			runOnlyForDeploymentPostprocessing = 0;
		};
/* End PBXFrameworksBuildPhase section */

/* Begin PBXGroup section */
		D376A3091B1CF3A500F5C165 = {
			isa = PBXGroup;
			children = (
				D376A3141B1CF3A500F5C165 /* Wallet */,
				D376A32F1B1CF3A500F5C165 /* Supporting Files */,
				D376A32E1B1CF3A500F5C165 /* WalletTests */,
				D376A3131B1CF3A500F5C165 /* Products */,
			);
			sourceTree = "<group>";
		};
		D376A3131B1CF3A500F5C165 /* Products */ = {
			isa = PBXGroup;
			children = (
				D376A3121B1CF3A500F5C165 /* Wallet.app */,
				D376A32B1B1CF3A500F5C165 /* WalletTests.xctest */,
			);
			name = Products;
			sourceTree = "<group>";
		};
		D376A3141B1CF3A500F5C165 /* Wallet */ = {
			isa = PBXGroup;
			children = (
				D376A34E1B1D08E400F5C165 /* Categories */,
				D376A3401B1CF66100F5C165 /* Models */,
				D376A3191B1CF3A500F5C165 /* AppDelegate.h */,
				D376A31A1B1CF3A500F5C165 /* AppDelegate.m */,
				D376A31C1B1CF3A500F5C165 /* ViewController.h */,
				D376A31D1B1CF3A500F5C165 /* ViewController.m */,
				D376A31F1B1CF3A500F5C165 /* Main.storyboard */,
				D376A3221B1CF3A500F5C165 /* Images.xcassets */,
				D376A3241B1CF3A500F5C165 /* LaunchScreen.xib */,
				D376A3151B1CF3A500F5C165 /* Supporting Files */,
			);
			path = Wallet;
			sourceTree = "<group>";
		};
		D376A3151B1CF3A500F5C165 /* Supporting Files */ = {
			isa = PBXGroup;
			children = (
				D376A3161B1CF3A500F5C165 /* Info.plist */,
				D376A3171B1CF3A500F5C165 /* main.m */,
			);
			name = "Supporting Files";
			sourceTree = "<group>";
		};
		D376A32E1B1CF3A500F5C165 /* WalletTests */ = {
			isa = PBXGroup;
			children = (
				D376A34F1B1D0B1500F5C165 /* ADMMoneyTest.m */,
				D39E1E231B1E758000FC48F0 /* ADMBrokerTest.m */,
			);
			path = WalletTests;
			sourceTree = "<group>";
		};
		D376A32F1B1CF3A500F5C165 /* Supporting Files */ = {
			isa = PBXGroup;
			children = (
				D376A3301B1CF3A500F5C165 /* Info.plist */,
			);
			name = "Supporting Files";
			path = WalletTests;
			sourceTree = "<group>";
		};
		D376A3401B1CF66100F5C165 /* Models */ = {
			isa = PBXGroup;
			children = (
				D376A3481B1D067D00F5C165 /* ADMMoney.h */,
				D376A3491B1D067D00F5C165 /* ADMMoney.m */,
				D39E1E251B1E767E00FC48F0 /* ADMBroker.h */,
				D39E1E261B1E767F00FC48F0 /* ADMBroker.m */,
			);
			name = Models;
			sourceTree = "<group>";
		};
		D376A34E1B1D08E400F5C165 /* Categories */ = {
			isa = PBXGroup;
			children = (
				D376A34B1B1D08DD00F5C165 /* NSObject+GNUStep.h */,
				D376A34C1B1D08DD00F5C165 /* NSObject+GNUStep.m */,
			);
			name = Categories;
			sourceTree = "<group>";
		};
/* End PBXGroup section */

/* Begin PBXNativeTarget section */
		D376A3111B1CF3A500F5C165 /* Wallet */ = {
			isa = PBXNativeTarget;
			buildConfigurationList = D376A3351B1CF3A500F5C165 /* Build configuration list for PBXNativeTarget "Wallet" */;
			buildPhases = (
				D376A30E1B1CF3A500F5C165 /* Sources */,
				D376A30F1B1CF3A500F5C165 /* Frameworks */,
				D376A3101B1CF3A500F5C165 /* Resources */,
			);
			buildRules = (
			);
			dependencies = (
			);
			name = Wallet;
			productName = Wallet;
			productReference = D376A3121B1CF3A500F5C165 /* Wallet.app */;
			productType = "com.apple.product-type.application";
		};
		D376A32A1B1CF3A500F5C165 /* WalletTests */ = {
			isa = PBXNativeTarget;
			buildConfigurationList = D376A3381B1CF3A500F5C165 /* Build configuration list for PBXNativeTarget "WalletTests" */;
			buildPhases = (
				D376A3271B1CF3A500F5C165 /* Sources */,
				D376A3281B1CF3A500F5C165 /* Frameworks */,
				D376A3291B1CF3A500F5C165 /* Resources */,
			);
			buildRules = (
			);
			dependencies = (
				D376A32D1B1CF3A500F5C165 /* PBXTargetDependency */,
			);
			name = WalletTests;
			productName = WalletTests;
			productReference = D376A32B1B1CF3A500F5C165 /* WalletTests.xctest */;
			productType = "com.apple.product-type.bundle.unit-test";
		};
/* End PBXNativeTarget section */

/* Begin PBXProject section */
		D376A30A1B1CF3A500F5C165 /* Project object */ = {
			isa = PBXProject;
			attributes = {
				LastUpgradeCheck = 0630;
				ORGANIZATIONNAME = DiMartino;
				TargetAttributes = {
					D376A3111B1CF3A500F5C165 = {
						CreatedOnToolsVersion = 6.3;
					};
					D376A32A1B1CF3A500F5C165 = {
						CreatedOnToolsVersion = 6.3;
						TestTargetID = D376A3111B1CF3A500F5C165;
					};
				};
			};
			buildConfigurationList = D376A30D1B1CF3A500F5C165 /* Build configuration list for PBXProject "Wallet" */;
			compatibilityVersion = "Xcode 3.2";
			developmentRegion = English;
			hasScannedForEncodings = 0;
			knownRegions = (
				en,
				Base,
			);
			mainGroup = D376A3091B1CF3A500F5C165;
			productRefGroup = D376A3131B1CF3A500F5C165 /* Products */;
			projectDirPath = "";
			projectRoot = "";
			targets = (
				D376A3111B1CF3A500F5C165 /* Wallet */,
				D376A32A1B1CF3A500F5C165 /* WalletTests */,
			);
		};
/* End PBXProject section */

/* Begin PBXResourcesBuildPhase section */
		D376A3101B1CF3A500F5C165 /* Resources */ = {
			isa = PBXResourcesBuildPhase;
			buildActionMask = 2147483647;
			files = (
				D376A3211B1CF3A500F5C165 /* Main.storyboard in Resources */,
				D376A3261B1CF3A500F5C165 /* LaunchScreen.xib in Resources */,
				D376A3231B1CF3A500F5C165 /* Images.xcassets in Resources */,
			);
			runOnlyForDeploymentPostprocessing = 0;
		};
		D376A3291B1CF3A500F5C165 /* Resources */ = {
			isa = PBXResourcesBuildPhase;
			buildActionMask = 2147483647;
			files = (
			);
			runOnlyForDeploymentPostprocessing = 0;
		};
/* End PBXResourcesBuildPhase section */

/* Begin PBXSourcesBuildPhase section */
		D376A30E1B1CF3A500F5C165 /* Sources */ = {
			isa = PBXSourcesBuildPhase;
			buildActionMask = 2147483647;
			files = (
				D376A31E1B1CF3A500F5C165 /* ViewController.m in Sources */,
				D376A34D1B1D08DD00F5C165 /* NSObject+GNUStep.m in Sources */,
				D376A34A1B1D067D00F5C165 /* ADMMoney.m in Sources */,
				D376A31B1B1CF3A500F5C165 /* AppDelegate.m in Sources */,
				D376A3181B1CF3A500F5C165 /* main.m in Sources */,
				D39E1E271B1E767F00FC48F0 /* ADMBroker.m in Sources */,
			);
			runOnlyForDeploymentPostprocessing = 0;
		};
		D376A3271B1CF3A500F5C165 /* Sources */ = {
			isa = PBXSourcesBuildPhase;
			buildActionMask = 2147483647;
			files = (
				D39E1E241B1E758000FC48F0 /* ADMBrokerTest.m in Sources */,
				D376A3511B1D0B2600F5C165 /* ADMMoney.m in Sources */,
				D376A3501B1D0B1500F5C165 /* ADMMoneyTest.m in Sources */,
			);
			runOnlyForDeploymentPostprocessing = 0;
		};
/* End PBXSourcesBuildPhase section */

/* Begin PBXTargetDependency section */
		D376A32D1B1CF3A500F5C165 /* PBXTargetDependency */ = {
			isa = PBXTargetDependency;
			target = D376A3111B1CF3A500F5C165 /* Wallet */;
			targetProxy = D376A32C1B1CF3A500F5C165 /* PBXContainerItemProxy */;
		};
/* End PBXTargetDependency section */

/* Begin PBXVariantGroup section */
		D376A31F1B1CF3A500F5C165 /* Main.storyboard */ = {
			isa = PBXVariantGroup;
			children = (
				D376A3201B1CF3A500F5C165 /* Base */,
			);
			name = Main.storyboard;
			sourceTree = "<group>";
		};
		D376A3241B1CF3A500F5C165 /* LaunchScreen.xib */ = {
			isa = PBXVariantGroup;
			children = (
				D376A3251B1CF3A500F5C165 /* Base */,
			);
			name = LaunchScreen.xib;
			sourceTree = "<group>";
		};
/* End PBXVariantGroup section */

/* Begin XCBuildConfiguration section */
		D376A3331B1CF3A500F5C165 /* Debug */ = {
			isa = XCBuildConfiguration;
			buildSettings = {
				ALWAYS_SEARCH_USER_PATHS = NO;
				CLANG_CXX_LANGUAGE_STANDARD = "gnu++0x";
				CLANG_CXX_LIBRARY = "libc++";
				CLANG_ENABLE_MODULES = YES;
				CLANG_ENABLE_OBJC_ARC = YES;
				CLANG_WARN_BOOL_CONVERSION = YES;
				CLANG_WARN_CONSTANT_CONVERSION = YES;
				CLANG_WARN_DIRECT_OBJC_ISA_USAGE = YES_ERROR;
				CLANG_WARN_EMPTY_BODY = YES;
				CLANG_WARN_ENUM_CONVERSION = YES;
				CLANG_WARN_INT_CONVERSION = YES;
				CLANG_WARN_OBJC_ROOT_CLASS = YES_ERROR;
				CLANG_WARN_UNREACHABLE_CODE = YES;
				CLANG_WARN__DUPLICATE_METHOD_MATCH = YES;
				"CODE_SIGN_IDENTITY[sdk=iphoneos*]" = "iPhone Developer";
				COPY_PHASE_STRIP = NO;
				DEBUG_INFORMATION_FORMAT = "dwarf-with-dsym";
				ENABLE_STRICT_OBJC_MSGSEND = YES;
				GCC_C_LANGUAGE_STANDARD = gnu99;
				GCC_DYNAMIC_NO_PIC = NO;
				GCC_NO_COMMON_BLOCKS = YES;
				GCC_OPTIMIZATION_LEVEL = 0;
				GCC_PREPROCESSOR_DEFINITIONS = (
					"DEBUG=1",
					"$(inherited)",
				);
				GCC_SYMBOLS_PRIVATE_EXTERN = NO;
				GCC_WARN_64_TO_32_BIT_CONVERSION = YES;
				GCC_WARN_ABOUT_RETURN_TYPE = YES_ERROR;
				GCC_WARN_UNDECLARED_SELECTOR = YES;
				GCC_WARN_UNINITIALIZED_AUTOS = YES_AGGRESSIVE;
				GCC_WARN_UNUSED_FUNCTION = YES;
				GCC_WARN_UNUSED_VARIABLE = YES;
				IPHONEOS_DEPLOYMENT_TARGET = 8.3;
				MTL_ENABLE_DEBUG_INFO = YES;
				ONLY_ACTIVE_ARCH = YES;
				SDKROOT = iphoneos;
				TARGETED_DEVICE_FAMILY = "1,2";
			};
			name = Debug;
		};
		D376A3341B1CF3A500F5C165 /* Release */ = {
			isa = XCBuildConfiguration;
			buildSettings = {
				ALWAYS_SEARCH_USER_PATHS = NO;
				CLANG_CXX_LANGUAGE_STANDARD = "gnu++0x";
				CLANG_CXX_LIBRARY = "libc++";
				CLANG_ENABLE_MODULES = YES;
				CLANG_ENABLE_OBJC_ARC = YES;
				CLANG_WARN_BOOL_CONVERSION = YES;
				CLANG_WARN_CONSTANT_CONVERSION = YES;
				CLANG_WARN_DIRECT_OBJC_ISA_USAGE = YES_ERROR;
				CLANG_WARN_EMPTY_BODY = YES;
				CLANG_WARN_ENUM_CONVERSION = YES;
				CLANG_WARN_INT_CONVERSION = YES;
				CLANG_WARN_OBJC_ROOT_CLASS = YES_ERROR;
				CLANG_WARN_UNREACHABLE_CODE = YES;
				CLANG_WARN__DUPLICATE_METHOD_MATCH = YES;
				"CODE_SIGN_IDENTITY[sdk=iphoneos*]" = "iPhone Developer";
				COPY_PHASE_STRIP = NO;
				DEBUG_INFORMATION_FORMAT = "dwarf-with-dsym";
				ENABLE_NS_ASSERTIONS = NO;
				ENABLE_STRICT_OBJC_MSGSEND = YES;
				GCC_C_LANGUAGE_STANDARD = gnu99;
				GCC_NO_COMMON_BLOCKS = YES;
				GCC_WARN_64_TO_32_BIT_CONVERSION = YES;
				GCC_WARN_ABOUT_RETURN_TYPE = YES_ERROR;
				GCC_WARN_UNDECLARED_SELECTOR = YES;
				GCC_WARN_UNINITIALIZED_AUTOS = YES_AGGRESSIVE;
				GCC_WARN_UNUSED_FUNCTION = YES;
				GCC_WARN_UNUSED_VARIABLE = YES;
				IPHONEOS_DEPLOYMENT_TARGET = 8.3;
				MTL_ENABLE_DEBUG_INFO = NO;
				SDKROOT = iphoneos;
				TARGETED_DEVICE_FAMILY = "1,2";
				VALIDATE_PRODUCT = YES;
			};
			name = Release;
		};
		D376A3361B1CF3A500F5C165 /* Debug */ = {
			isa = XCBuildConfiguration;
			buildSettings = {
				ASSETCATALOG_COMPILER_APPICON_NAME = AppIcon;
				INFOPLIST_FILE = Wallet/Info.plist;
				LD_RUNPATH_SEARCH_PATHS = "$(inherited) @executable_path/Frameworks";
				PRODUCT_NAME = "$(TARGET_NAME)";
			};
			name = Debug;
		};
		D376A3371B1CF3A500F5C165 /* Release */ = {
			isa = XCBuildConfiguration;
			buildSettings = {
				ASSETCATALOG_COMPILER_APPICON_NAME = AppIcon;
				INFOPLIST_FILE = Wallet/Info.plist;
				LD_RUNPATH_SEARCH_PATHS = "$(inherited) @executable_path/Frameworks";
				PRODUCT_NAME = "$(TARGET_NAME)";
			};
			name = Release;
		};
		D376A3391B1CF3A500F5C165 /* Debug */ = {
			isa = XCBuildConfiguration;
			buildSettings = {
				BUNDLE_LOADER = "$(TEST_HOST)";
				FRAMEWORK_SEARCH_PATHS = (
					"$(SDKROOT)/Developer/Library/Frameworks",
					"$(inherited)",
				);
				GCC_PREPROCESSOR_DEFINITIONS = (
					"DEBUG=1",
					"$(inherited)",
				);
				INFOPLIST_FILE = WalletTests/Info.plist;
				LD_RUNPATH_SEARCH_PATHS = "$(inherited) @executable_path/Frameworks @loader_path/Frameworks";
				PRODUCT_NAME = "$(TARGET_NAME)";
				TEST_HOST = "$(BUILT_PRODUCTS_DIR)/Wallet.app/Wallet";
			};
			name = Debug;
		};
		D376A33A1B1CF3A500F5C165 /* Release */ = {
			isa = XCBuildConfiguration;
			buildSettings = {
				BUNDLE_LOADER = "$(TEST_HOST)";
				FRAMEWORK_SEARCH_PATHS = (
					"$(SDKROOT)/Developer/Library/Frameworks",
					"$(inherited)",
				);
				INFOPLIST_FILE = WalletTests/Info.plist;
				LD_RUNPATH_SEARCH_PATHS = "$(inherited) @executable_path/Frameworks @loader_path/Frameworks";
				PRODUCT_NAME = "$(TARGET_NAME)";
				TEST_HOST = "$(BUILT_PRODUCTS_DIR)/Wallet.app/Wallet";
			};
			name = Release;
		};
/* End XCBuildConfiguration section */

/* Begin XCConfigurationList section */
		D376A30D1B1CF3A500F5C165 /* Build configuration list for PBXProject "Wallet" */ = {
			isa = XCConfigurationList;
			buildConfigurations = (
				D376A3331B1CF3A500F5C165 /* Debug */,
				D376A3341B1CF3A500F5C165 /* Release */,
			);
			defaultConfigurationIsVisible = 0;
			defaultConfigurationName = Release;
		};
		D376A3351B1CF3A500F5C165 /* Build configuration list for PBXNativeTarget "Wallet" */ = {
			isa = XCConfigurationList;
			buildConfigurations = (
				D376A3361B1CF3A500F5C165 /* Debug */,
				D376A3371B1CF3A500F5C165 /* Release */,
			);
			defaultConfigurationIsVisible = 0;
			defaultConfigurationName = Release;
		};
		D376A3381B1CF3A500F5C165 /* Build configuration list for PBXNativeTarget "WalletTests" */ = {
			isa = XCConfigurationList;
			buildConfigurations = (
				D376A3391B1CF3A500F5C165 /* Debug */,
				D376A33A1B1CF3A500F5C165 /* Release */,
			);
			defaultConfigurationIsVisible = 0;
			defaultConfigurationName = Release;
		};
/* End XCConfigurationList section */
	};
	rootObject = D376A30A1B1CF3A500F5C165 /* Project object */;
}
